{
  "name": "Fighting-Game-Kaboomjs-main",
  "lockfileVersion": 3,
  "requires": true,
  "packages": {
    "": {
      "dependencies": {
        "kaboom": "^3000.1.16"
      }
    },
    "node_modules/kaboom": {
      "version": "3000.1.16",
      "resolved": "https://registry.npmjs.org/kaboom/-/kaboom-3000.1.16.tgz",
      "integrity": "sha512-b7JY0WQDTyNNj9zIt0yMTUO60dZYwc/3ADu5gXjCpnTwq4pgiAfjqfXpm6FiK8/1d4urgyN+ypAeouF6ISRd6A=="
    }
  }
}
